{
  "version": 4,
  "terraform_version": "1.5.1",
  "serial": 6,
  "lineage": "3d7f94f5-071f-379a-15ba-a1e2f7aeeb5c",
  "outputs": {},
  "resources": [
    {
      "mode": "data",
      "type": "aws_route53_zone",
      "name": "this",
      "provider": "provider[\"registry.terraform.io/hashicorp/aws\"]",
      "instances": [
        {
          "schema_version": 0,
          "attributes": {
            "arn": "arn:aws:route53:::hostedzone/Z08035211NIS353SPKZ7J",
            "caller_reference": "0a6d8b4a-abd5-461e-b1e8-f28e76168f8d",
            "comment": "",
            "id": "Z08035211NIS353SPKZ7J",
            "linked_service_description": null,
            "linked_service_principal": null,
            "name": "appstellar.training",
            "name_servers": [
              "ns-1322.awsdns-37.org",
              "ns-1672.awsdns-17.co.uk",
              "ns-166.awsdns-20.com",
              "ns-739.awsdns-28.net"
            ],
            "primary_name_server": "ns-1322.awsdns-37.org",
            "private_zone": false,
            "resource_record_set_count": 7,
            "tags": {},
            "vpc_id": null,
            "zone_id": "Z08035211NIS353SPKZ7J"
          },
          "sensitive_attributes": []
        }
      ]
    },
    {
      "module": "module.acm",
      "mode": "managed",
      "type": "aws_acm_certificate",
      "name": "this",
      "provider": "provider[\"registry.terraform.io/hashicorp/aws\"]",
      "instances": [
        {
          "index_key": 0,
          "schema_version": 0,
          "attributes": {
            "arn": "arn:aws:acm:eu-central-1:313422618945:certificate/bb6a790a-f8ac-45d8-980e-87bfa86f45a2",
            "certificate_authority_arn": "",
            "certificate_body": null,
            "certificate_chain": null,
            "domain_name": "altin.appstellar.training",
            "domain_validation_options": [
              {
                "domain_name": "*.my-domain.com",
                "resource_record_name": "_09aa21c259fc5534d4a6601d92c2f635.my-domain.com.",
                "resource_record_type": "CNAME",
                "resource_record_value": "_b1d467fce9472125e942914db521a71f.jzckvmdcqj.acm-validations.aws."
              },
              {
                "domain_name": "altin.appstellar.training",
                "resource_record_name": "_89d7eaab1dc9c5ed16828f5747213dd0.altin.appstellar.training.",
                "resource_record_type": "CNAME",
                "resource_record_value": "_490549cdfd68bc7725f472e149927035.jzckvmdcqj.acm-validations.aws."
              },
              {
                "domain_name": "app.sub.my-domain.com",
                "resource_record_name": "_a17e2778050e05b1bf317c99b21fb281.app.sub.my-domain.com.",
                "resource_record_type": "CNAME",
                "resource_record_value": "_7c069dea9a6480a8689fac1b85df397f.jzckvmdcqj.acm-validations.aws."
              }
            ],
            "early_renewal_duration": "",
            "id": "arn:aws:acm:eu-central-1:313422618945:certificate/bb6a790a-f8ac-45d8-980e-87bfa86f45a2",
            "key_algorithm": "RSA_2048",
            "not_after": "",
            "not_before": "",
            "options": [
              {
                "certificate_transparency_logging_preference": "ENABLED"
              }
            ],
            "pending_renewal": false,
            "private_key": null,
            "renewal_eligibility": "INELIGIBLE",
            "renewal_summary": [],
            "status": "PENDING_VALIDATION",
            "subject_alternative_names": [
              "*.my-domain.com",
              "altin.appstellar.training",
              "app.sub.my-domain.com"
            ],
            "tags": {
              "Name": "my-domain.com"
            },
            "tags_all": {
              "Name": "my-domain.com"
            },
            "type": "AMAZON_ISSUED",
            "validation_emails": [],
            "validation_method": "DNS",
            "validation_option": []
          },
          "sensitive_attributes": [],
          "private": "bnVsbA==",
          "create_before_destroy": true
        }
      ]
    },
    {
      "module": "module.acm",
      "mode": "managed",
      "type": "aws_route53_record",
      "name": "validation",
      "provider": "provider[\"registry.terraform.io/hashicorp/aws\"]",
      "instances": [
        {
          "index_key": 0,
          "schema_version": 2,
          "attributes": {
            "alias": [],
            "allow_overwrite": true,
            "cidr_routing_policy": [],
            "failover_routing_policy": [],
            "fqdn": "_09aa21c259fc5534d4a6601d92c2f635.my-domain.com.appstellar.training",
            "geolocation_routing_policy": [],
            "health_check_id": "",
            "id": "Z08035211NIS353SPKZ7J__09aa21c259fc5534d4a6601d92c2f635.my-domain.com._CNAME",
            "latency_routing_policy": [],
            "multivalue_answer_routing_policy": false,
            "name": "_09aa21c259fc5534d4a6601d92c2f635.my-domain.com",
            "records": [
              "_b1d467fce9472125e942914db521a71f.jzckvmdcqj.acm-validations.aws."
            ],
            "set_identifier": "",
            "ttl": 60,
            "type": "CNAME",
            "weighted_routing_policy": [],
            "zone_id": "Z08035211NIS353SPKZ7J"
          },
          "sensitive_attributes": [],
          "private": "eyJzY2hlbWFfdmVyc2lvbiI6IjIifQ==",
          "dependencies": [
            "data.aws_route53_zone.this",
            "module.acm.aws_acm_certificate.this"
          ]
        },
        {
          "index_key": 1,
          "schema_version": 2,
          "attributes": {
            "alias": [],
            "allow_overwrite": true,
            "cidr_routing_policy": [],
            "failover_routing_policy": [],
            "fqdn": "_89d7eaab1dc9c5ed16828f5747213dd0.altin.appstellar.training",
            "geolocation_routing_policy": [],
            "health_check_id": "",
            "id": "Z08035211NIS353SPKZ7J__89d7eaab1dc9c5ed16828f5747213dd0.altin.appstellar.training._CNAME",
            "latency_routing_policy": [],
            "multivalue_answer_routing_policy": false,
            "name": "_89d7eaab1dc9c5ed16828f5747213dd0.altin.appstellar.training",
            "records": [
              "_490549cdfd68bc7725f472e149927035.jzckvmdcqj.acm-validations.aws."
            ],
            "set_identifier": "",
            "ttl": 60,
            "type": "CNAME",
            "weighted_routing_policy": [],
            "zone_id": "Z08035211NIS353SPKZ7J"
          },
          "sensitive_attributes": [],
          "private": "eyJzY2hlbWFfdmVyc2lvbiI6IjIifQ==",
          "dependencies": [
            "data.aws_route53_zone.this",
            "module.acm.aws_acm_certificate.this"
          ]
        },
        {
          "index_key": 2,
          "schema_version": 2,
          "attributes": {
            "alias": [],
            "allow_overwrite": true,
            "cidr_routing_policy": [],
            "failover_routing_policy": [],
            "fqdn": "_a17e2778050e05b1bf317c99b21fb281.app.sub.my-domain.com.appstellar.training",
            "geolocation_routing_policy": [],
            "health_check_id": "",
            "id": "Z08035211NIS353SPKZ7J__a17e2778050e05b1bf317c99b21fb281.app.sub.my-domain.com._CNAME",
            "latency_routing_policy": [],
            "multivalue_answer_routing_policy": false,
            "name": "_a17e2778050e05b1bf317c99b21fb281.app.sub.my-domain.com",
            "records": [
              "_7c069dea9a6480a8689fac1b85df397f.jzckvmdcqj.acm-validations.aws."
            ],
            "set_identifier": "",
            "ttl": 60,
            "type": "CNAME",
            "weighted_routing_policy": [],
            "zone_id": "Z08035211NIS353SPKZ7J"
          },
          "sensitive_attributes": [],
          "private": "eyJzY2hlbWFfdmVyc2lvbiI6IjIifQ==",
          "dependencies": [
            "data.aws_route53_zone.this",
            "module.acm.aws_acm_certificate.this"
          ]
        }
      ]
    }
  ],
  "check_results": null
}
